
Microsoft Visual Studio Solution File, Format Version 11.00
# Visual Studio 2010
Project("{FAE04EC0-301F-11D3-BF4B-00C04F79EFBC}") = "KissSongFinder", "KissSongFinder\KissSongFinder.csproj", "{370E9AB5-C33D-499C-BE70-43625572CB67}"
EndProject
Project("{FAE04EC0-301F-11D3-BF4B-00C04F79EFBC}") = "Youtube", "Youtube\Youtube.csproj", "{C7EE1AF1-3EBD-48A5-9053-E69FAD47E2C1}"
EndProject
Global
	GlobalSection(SolutionConfigurationPlatforms) = preSolution
		Debug|x86 = Debug|x86
		Release|x86 = Release|x86
	EndGlobalSection
	GlobalSection(ProjectConfigurationPlatforms) = postSolution
		{370E9AB5-C33D-499C-BE70-43625572CB67}.Debug|x86.ActiveCfg = Debug|x86
		{370E9AB5-C33D-499C-BE70-43625572CB67}.Debug|x86.Build.0 = Debug|x86
		{370E9AB5-C33D-499C-BE70-43625572CB67}.Release|x86.ActiveCfg = Release|x86
		{370E9AB5-C33D-499C-BE70-43625572CB67}.Release|x86.Build.0 = Release|x86
		{C7EE1AF1-3EBD-48A5-9053-E69FAD47E2C1}.Debug|x86.ActiveCfg = Debug|x86
		{C7EE1AF1-3EBD-48A5-9053-E69FAD47E2C1}.Debug|x86.Build.0 = Debug|x86
		{C7EE1AF1-3EBD-48A5-9053-E69FAD47E2C1}.Release|x86.ActiveCfg = Release|x86
		{C7EE1AF1-3EBD-48A5-9053-E69FAD47E2C1}.Release|x86.Build.0 = Release|x86
	EndGlobalSection
	GlobalSection(SolutionProperties) = preSolution
		HideSolutionNode = FALSE
	EndGlobalSection
EndGlobal
